
Microsoft Visual Studio Solution File, Format Version 12.00
# Visual Studio Version 17
VisualStudioVersion = 17.4.33403.182
MinimumVisualStudioVersion = 10.0.40219.1
Project("{FAE04EC0-301F-11D3-BF4B-00C04F79EFBC}") = "Practika3", "Practika3\Practika3.csproj", "{87A731C4-8896-49E6-94B5-F8D1638D787D}"
EndProject
Global
	GlobalSection(SolutionConfigurationPlatforms) = preSolution
		Debug|Any CPU = Debug|Any CPU
		Release|Any CPU = Release|Any CPU
	EndGlobalSection
	GlobalSection(ProjectConfigurationPlatforms) = postSolution
		{87A731C4-8896-49E6-94B5-F8D1638D787D}.Debug|Any CPU.ActiveCfg = Debug|Any CPU
		{87A731C4-8896-49E6-94B5-F8D1638D787D}.Debug|Any CPU.Build.0 = Debug|Any CPU
		{87A731C4-8896-49E6-94B5-F8D1638D787D}.Release|Any CPU.ActiveCfg = Release|Any CPU
		{87A731C4-8896-49E6-94B5-F8D1638D787D}.Release|Any CPU.Build.0 = Release|Any CPU
	EndGlobalSection
	GlobalSection(SolutionProperties) = preSolution
		HideSolutionNode = FALSE
	EndGlobalSection
	GlobalSection(ExtensibilityGlobals) = postSolution
		SolutionGuid = {8E1029B9-2BB5-4C74-BBEB-4B1A50FAFC66}
	EndGlobalSection
EndGlobal
